Microsoft Visual Studio Solution File, Format Version 12.00
# Visual Studio 2012
Project("{FAE04EC0-301F-11D3-BF4B-00C04F79EFBC}") = "ProjectFPS", "ProjectFPS.csproj", "{9879AA0C-8563-4879-AB2E-B1C8ACA979FF}"
EndProject
Global
	GlobalSection(SolutionConfigurationPlatforms) = preSolution
	Debug|Any CPU = Debug|Any CPU
	ExportDebug|Any CPU = ExportDebug|Any CPU
	ExportRelease|Any CPU = ExportRelease|Any CPU
	EndGlobalSection
	GlobalSection(ProjectConfigurationPlatforms) = postSolution
		{9879AA0C-8563-4879-AB2E-B1C8ACA979FF}.Debug|Any CPU.ActiveCfg = Debug|Any CPU
		{9879AA0C-8563-4879-AB2E-B1C8ACA979FF}.Debug|Any CPU.Build.0 = Debug|Any CPU
		{9879AA0C-8563-4879-AB2E-B1C8ACA979FF}.ExportDebug|Any CPU.ActiveCfg = ExportDebug|Any CPU
		{9879AA0C-8563-4879-AB2E-B1C8ACA979FF}.ExportDebug|Any CPU.Build.0 = ExportDebug|Any CPU
		{9879AA0C-8563-4879-AB2E-B1C8ACA979FF}.ExportRelease|Any CPU.ActiveCfg = ExportRelease|Any CPU
		{9879AA0C-8563-4879-AB2E-B1C8ACA979FF}.ExportRelease|Any CPU.Build.0 = ExportRelease|Any CPU
	EndGlobalSection
EndGlobal
